
Microsoft Visual Studio Solution File, Format Version 10.00
# Visual Studio 2008
Project("{8BC9CEB8-8B4A-11D0-8D11-00A0C91BC942}") = "MakeBlackWhitePhoto", "MakeBlackWhitePhoto\MakeBlackWhitePhoto.vcproj", "{E12F1146-7E2C-4774-8D73-26094D8D12AA}"
EndProject
Global
	GlobalSection(SolutionConfigurationPlatforms) = preSolution
		Debug|Win32 = Debug|Win32
		Release|Win32 = Release|Win32
	EndGlobalSection
	GlobalSection(ProjectConfigurationPlatforms) = postSolution
		{E12F1146-7E2C-4774-8D73-26094D8D12AA}.Debug|Win32.ActiveCfg = Debug|Win32
		{E12F1146-7E2C-4774-8D73-26094D8D12AA}.Debug|Win32.Build.0 = Debug|Win32
		{E12F1146-7E2C-4774-8D73-26094D8D12AA}.Release|Win32.ActiveCfg = Release|Win32
		{E12F1146-7E2C-4774-8D73-26094D8D12AA}.Release|Win32.Build.0 = Release|Win32
	EndGlobalSection
	GlobalSection(SolutionProperties) = preSolution
		HideSolutionNode = FALSE
	EndGlobalSection
EndGlobal
